Microsoft Visual Studio Solution File, Format Version 12.00
# Visual Studio 14
VisualStudioVersion = 14.0.25420.1
MinimumVisualStudioVersion = 10.0.40219.1
Project("{2150E333-8FDC-42A3-9474-1A3956D46DE8}") = "Tests", "Tests", "{C3A749A1-11BF-49C8-B30F-88CAF37D87B7}"
EndProject
Project("{52B49DB5-3EA9-4095-B1A7-DF1AC22D7DAE}") = "CoreApplicationFilterVal_10.Tests", "tests\CoreApplicationFilterVal_10.Tests\CoreApplicationFilterVal_10.Tests.csproj", "{2335D748-8CDE-40F3-B5AD-B338B44CD7E3}"
EndProject
Project("{2150E333-8FDC-42A3-9474-1A3956D46DE8}") = ".github", ".github", "{0BA735D8-738C-4B24-BCAA-BE826AB797B7}"
EndProject
Project("{2150E333-8FDC-42A3-9474-1A3956D46DE8}") = "workflows", "workflows", "{010F789C-045E-4B9A-A65B-32E5DD8C6D52}"
	ProjectSection(SolutionItems) = preProject
		run-unit-tests.yml = run-unit-tests.yml
	EndProjectSection
EndProject
Project("{2150E333-8FDC-42A3-9474-1A3956D46DE8}") = "src", "src", "{7339BAB6-26BB-4ADE-8DAD-18CA0F3EF0B1}"
	ProjectSection(SolutionItems) = preProject
		README.md = README.md
	EndProjectSection
EndProject
Project("{FFD54A85-9362-48AC-B646-C93AB9AC63D2}") = "CoreApplicationFilterVal_10.Api", "src\CoreApplicationFilterVal_10.Api\CoreApplicationFilterVal_10.Api.csproj", "{C7AE37AC-3454-4C58-992C-AF78FA646642}"
EndProject
Project("{52B49DB5-3EA9-4095-B1A7-DF1AC22D7DAE}") = "CoreApplicationFilterVal_10.Application", "src\CoreApplicationFilterVal_10.Application\CoreApplicationFilterVal_10.Application.csproj", "{5E79154B-9137-4401-B8BD-0F6FA885D8C5}"
EndProject
Project("{52B49DB5-3EA9-4095-B1A7-DF1AC22D7DAE}") = "CoreApplicationFilterVal_10.Domain", "src\CoreApplicationFilterVal_10.Domain\CoreApplicationFilterVal_10.Domain.csproj", "{8BC03E54-CC18-4DD4-9E5B-C1F3729EA232}"
EndProject
Project("{2150E333-8FDC-42A3-9474-1A3956D46DE8}") = "Infrastructure", "Infrastructure", "{59B0D9BC-6023-40EB-983B-E892907A9B14}"
EndProject
Project("{52B49DB5-3EA9-4095-B1A7-DF1AC22D7DAE}") = "CoreApplicationFilterVal_10.Persistence", "src\Infrastructure\CoreApplicationFilterVal_10.Persistence\CoreApplicationFilterVal_10.Persistence.csproj", "{EBA4D068-342D-442E-BA90-95C818B73013}"
EndProject
Project("{2150E333-8FDC-42A3-9474-1A3956D46DE8}") = "docs", "docs", "{10A06631-3EC1-492D-B3F5-8A6D22AAB3DC}"
	ProjectSection(SolutionItems) = preProject
		docs\configuration.md = docs\configuration.md
		docs\introduction.md = docs\introduction.md
		docs\migration.md = docs\migration.md
	EndProjectSection
EndProject
Global
	GlobalSection(SolutionConfigurationPlatforms) = preSolution
		Debug|Any CPU = Debug|Any CPU
		Release|Any CPU = Release|Any CPU
	EndGlobalSection
	GlobalSection(ProjectConfigurationPlatforms) = postSolution
		{2335D748-8CDE-40F3-B5AD-B338B44CD7E3}.Debug|Any CPU.ActiveCfg = Debug|Any CPU
		{2335D748-8CDE-40F3-B5AD-B338B44CD7E3}.Debug|Any CPU.Build.0 = Debug|Any CPU
		{2335D748-8CDE-40F3-B5AD-B338B44CD7E3}.Release|Any CPU.ActiveCfg = Release|Any CPU
		{2335D748-8CDE-40F3-B5AD-B338B44CD7E3}.Release|Any CPU.Build.0 = Release|Any CPU
		{C7AE37AC-3454-4C58-992C-AF78FA646642}.Debug|Any CPU.ActiveCfg = Debug|Any CPU
		{C7AE37AC-3454-4C58-992C-AF78FA646642}.Debug|Any CPU.Build.0 = Debug|Any CPU
		{C7AE37AC-3454-4C58-992C-AF78FA646642}.Release|Any CPU.ActiveCfg = Release|Any CPU
		{C7AE37AC-3454-4C58-992C-AF78FA646642}.Release|Any CPU.Build.0 = Release|Any CPU
		{5E79154B-9137-4401-B8BD-0F6FA885D8C5}.Debug|Any CPU.ActiveCfg = Debug|Any CPU
		{5E79154B-9137-4401-B8BD-0F6FA885D8C5}.Debug|Any CPU.Build.0 = Debug|Any CPU
		{5E79154B-9137-4401-B8BD-0F6FA885D8C5}.Release|Any CPU.ActiveCfg = Release|Any CPU
		{5E79154B-9137-4401-B8BD-0F6FA885D8C5}.Release|Any CPU.Build.0 = Release|Any CPU
		{8BC03E54-CC18-4DD4-9E5B-C1F3729EA232}.Debug|Any CPU.ActiveCfg = Debug|Any CPU
		{8BC03E54-CC18-4DD4-9E5B-C1F3729EA232}.Debug|Any CPU.Build.0 = Debug|Any CPU
		{8BC03E54-CC18-4DD4-9E5B-C1F3729EA232}.Release|Any CPU.ActiveCfg = Release|Any CPU
		{8BC03E54-CC18-4DD4-9E5B-C1F3729EA232}.Release|Any CPU.Build.0 = Release|Any CPU
		{EBA4D068-342D-442E-BA90-95C818B73013}.Debug|Any CPU.ActiveCfg = Debug|Any CPU
		{EBA4D068-342D-442E-BA90-95C818B73013}.Debug|Any CPU.Build.0 = Debug|Any CPU
		{EBA4D068-342D-442E-BA90-95C818B73013}.Release|Any CPU.ActiveCfg = Release|Any CPU
		{EBA4D068-342D-442E-BA90-95C818B73013}.Release|Any CPU.Build.0 = Release|Any CPU
	EndGlobalSection
	GlobalSection(SolutionProperties) = preSolution
		HideSolutionNode = FALSE
	EndGlobalSection
	GlobalSection(NestedProjects) = preSolution
		{2335D748-8CDE-40F3-B5AD-B338B44CD7E3} = {C3A749A1-11BF-49C8-B30F-88CAF37D87B7}
		{010F789C-045E-4B9A-A65B-32E5DD8C6D52} = {0BA735D8-738C-4B24-BCAA-BE826AB797B7}
		{C7AE37AC-3454-4C58-992C-AF78FA646642} = {7339BAB6-26BB-4ADE-8DAD-18CA0F3EF0B1}
		{5E79154B-9137-4401-B8BD-0F6FA885D8C5} = {7339BAB6-26BB-4ADE-8DAD-18CA0F3EF0B1}
		{8BC03E54-CC18-4DD4-9E5B-C1F3729EA232} = {7339BAB6-26BB-4ADE-8DAD-18CA0F3EF0B1}
		{59B0D9BC-6023-40EB-983B-E892907A9B14} = {7339BAB6-26BB-4ADE-8DAD-18CA0F3EF0B1}
		{EBA4D068-342D-442E-BA90-95C818B73013} = {59B0D9BC-6023-40EB-983B-E892907A9B14}
	EndGlobalSection
EndGlobal
